
Microsoft Visual Studio Solution File, Format Version 12.00
# Visual Studio Version 17
VisualStudioVersion = 17.6.33723.286
MinimumVisualStudioVersion = 10.0.40219.1
Project("{8BC9CEB8-8B4A-11D0-8D11-00A0C91BC942}") = "Project3DataStructure", "Project3DataStructure.vcxproj", "{4E1F9D68-9DBE-4745-83DF-7A2B3BF5959A}"
EndProject
Global
	GlobalSection(SolutionConfigurationPlatforms) = preSolution
		Debug|x64 = Debug|x64
		Debug|x86 = Debug|x86
		Release|x64 = Release|x64
		Release|x86 = Release|x86
	EndGlobalSection
	GlobalSection(ProjectConfigurationPlatforms) = postSolution
		{4E1F9D68-9DBE-4745-83DF-7A2B3BF5959A}.Debug|x64.ActiveCfg = Debug|x64
		{4E1F9D68-9DBE-4745-83DF-7A2B3BF5959A}.Debug|x64.Build.0 = Debug|x64
		{4E1F9D68-9DBE-4745-83DF-7A2B3BF5959A}.Debug|x86.ActiveCfg = Debug|Win32
		{4E1F9D68-9DBE-4745-83DF-7A2B3BF5959A}.Debug|x86.Build.0 = Debug|Win32
		{4E1F9D68-9DBE-4745-83DF-7A2B3BF5959A}.Release|x64.ActiveCfg = Release|x64
		{4E1F9D68-9DBE-4745-83DF-7A2B3BF5959A}.Release|x64.Build.0 = Release|x64
		{4E1F9D68-9DBE-4745-83DF-7A2B3BF5959A}.Release|x86.ActiveCfg = Release|Win32
		{4E1F9D68-9DBE-4745-83DF-7A2B3BF5959A}.Release|x86.Build.0 = Release|Win32
	EndGlobalSection
	GlobalSection(SolutionProperties) = preSolution
		HideSolutionNode = FALSE
	EndGlobalSection
	GlobalSection(ExtensibilityGlobals) = postSolution
		SolutionGuid = {3C9856E2-EA7C-4383-8D69-C941F71C3DCB}
	EndGlobalSection
EndGlobal
